
Microsoft Visual Studio Solution File, Format Version 12.00
# Visual Studio Version 16
VisualStudioVersion = 16.0.31205.134
MinimumVisualStudioVersion = 10.0.40219.1
Project("{FAE04EC0-301F-11D3-BF4B-00C04F79EFBC}") = "SDH.MoviePlugins", "SDH.MoviePlugins\SDH.MoviePlugins.csproj", "{2B75E9D1-251B-4A6F-B180-F9473D4C5C37}"
EndProject
Project("{FAE04EC0-301F-11D3-BF4B-00C04F79EFBC}") = "Runner", "Runner\Runner.csproj", "{E56B52CB-D507-44C2-8172-84BA38FBA92B}"
EndProject
Global
	GlobalSection(SolutionConfigurationPlatforms) = preSolution
		Debug|Any CPU = Debug|Any CPU
		Release|Any CPU = Release|Any CPU
	EndGlobalSection
	GlobalSection(ProjectConfigurationPlatforms) = postSolution
		{2B75E9D1-251B-4A6F-B180-F9473D4C5C37}.Debug|Any CPU.ActiveCfg = Debug|Any CPU
		{2B75E9D1-251B-4A6F-B180-F9473D4C5C37}.Debug|Any CPU.Build.0 = Debug|Any CPU
		{2B75E9D1-251B-4A6F-B180-F9473D4C5C37}.Release|Any CPU.ActiveCfg = Release|Any CPU
		{2B75E9D1-251B-4A6F-B180-F9473D4C5C37}.Release|Any CPU.Build.0 = Release|Any CPU
		{E56B52CB-D507-44C2-8172-84BA38FBA92B}.Debug|Any CPU.ActiveCfg = Debug|Any CPU
		{E56B52CB-D507-44C2-8172-84BA38FBA92B}.Debug|Any CPU.Build.0 = Debug|Any CPU
		{E56B52CB-D507-44C2-8172-84BA38FBA92B}.Release|Any CPU.ActiveCfg = Release|Any CPU
		{E56B52CB-D507-44C2-8172-84BA38FBA92B}.Release|Any CPU.Build.0 = Release|Any CPU
	EndGlobalSection
	GlobalSection(SolutionProperties) = preSolution
		HideSolutionNode = FALSE
	EndGlobalSection
	GlobalSection(ExtensibilityGlobals) = postSolution
		SolutionGuid = {98C5C6E5-E7D0-4E2C-ACD8-1DD678294129}
	EndGlobalSection
EndGlobal
